
Microsoft Visual Studio Solution File, Format Version 12.00
# Visual Studio Version 17
VisualStudioVersion = 17.5.33424.131
MinimumVisualStudioVersion = 10.0.40219.1
Project("{FAE04EC0-301F-11D3-BF4B-00C04F79EFBC}") = "BonusHomeworkC#", "BonusHomeworkC#\BonusHomeworkC#.csproj", "{36A4F6BA-2A0B-4AFE-B406-EB7E75125F56}"
EndProject
Global
	GlobalSection(SolutionConfigurationPlatforms) = preSolution
		Debug|Any CPU = Debug|Any CPU
		Release|Any CPU = Release|Any CPU
	EndGlobalSection
	GlobalSection(ProjectConfigurationPlatforms) = postSolution
		{36A4F6BA-2A0B-4AFE-B406-EB7E75125F56}.Debug|Any CPU.ActiveCfg = Debug|Any CPU
		{36A4F6BA-2A0B-4AFE-B406-EB7E75125F56}.Debug|Any CPU.Build.0 = Debug|Any CPU
		{36A4F6BA-2A0B-4AFE-B406-EB7E75125F56}.Release|Any CPU.ActiveCfg = Release|Any CPU
		{36A4F6BA-2A0B-4AFE-B406-EB7E75125F56}.Release|Any CPU.Build.0 = Release|Any CPU
	EndGlobalSection
	GlobalSection(SolutionProperties) = preSolution
		HideSolutionNode = FALSE
	EndGlobalSection
	GlobalSection(ExtensibilityGlobals) = postSolution
		SolutionGuid = {1304813B-1687-4FB5-B7E6-07C0D16F33B2}
	EndGlobalSection
EndGlobal
